
Microsoft Visual Studio Solution File, Format Version 12.00
# Visual Studio 14
VisualStudioVersion = 14.0.25420.1
MinimumVisualStudioVersion = 10.0.40219.1
Project("{FAE04EC0-301F-11D3-BF4B-00C04F79EFBC}") = "SchoolRegistrationWeb.Client", "SchoolRegistrationWeb.Client\SchoolRegistrationWeb.Client.csproj", "{29F92CBD-18E2-46FB-A37D-C1A863C344F8}"
EndProject
Project("{FAE04EC0-301F-11D3-BF4B-00C04F79EFBC}") = "SchoolRegistration.Logic", "SchoolRegistration.Logic\SchoolRegistration.Logic.csproj", "{8C216EFB-0670-4AB3-A6AA-12B759F6724F}"
EndProject
Global
	GlobalSection(SolutionConfigurationPlatforms) = preSolution
		Debug|Any CPU = Debug|Any CPU
		Release|Any CPU = Release|Any CPU
	EndGlobalSection
	GlobalSection(ProjectConfigurationPlatforms) = postSolution
		{29F92CBD-18E2-46FB-A37D-C1A863C344F8}.Debug|Any CPU.ActiveCfg = Debug|Any CPU
		{29F92CBD-18E2-46FB-A37D-C1A863C344F8}.Debug|Any CPU.Build.0 = Debug|Any CPU
		{29F92CBD-18E2-46FB-A37D-C1A863C344F8}.Release|Any CPU.ActiveCfg = Release|Any CPU
		{29F92CBD-18E2-46FB-A37D-C1A863C344F8}.Release|Any CPU.Build.0 = Release|Any CPU
		{8C216EFB-0670-4AB3-A6AA-12B759F6724F}.Debug|Any CPU.ActiveCfg = Debug|Any CPU
		{8C216EFB-0670-4AB3-A6AA-12B759F6724F}.Debug|Any CPU.Build.0 = Debug|Any CPU
		{8C216EFB-0670-4AB3-A6AA-12B759F6724F}.Release|Any CPU.ActiveCfg = Release|Any CPU
		{8C216EFB-0670-4AB3-A6AA-12B759F6724F}.Release|Any CPU.Build.0 = Release|Any CPU
	EndGlobalSection
	GlobalSection(SolutionProperties) = preSolution
		HideSolutionNode = FALSE
	EndGlobalSection
EndGlobal
